github.com/go-python/gpython v0.2.0 h1:MW7m7pFnbpzHL88vhAdIhT1pgG1QUZ0Q5jcF94z5MBI=
github.com/go-python/gpython v0.2.0/go.mod h1:fUN4z1X+GFaOwPOoHOAM8MOPnh1NJatWo/cDqGlZDEI=
github.com/gookit/goutil v0.6.12 h1:73vPUcTtVGXbhSzBOFcnSB1aJl7Jq9np3RAE50yIDZc=
github.com/gookit/goutil v0.6.12/go.mod h1:g6krlFib8xSe3G1h02IETowOtrUGpAmetT8IevDpvpM=
